
Microsoft Visual Studio Solution File, Format Version 12.00
# Visual Studio Version 17
VisualStudioVersion = 17.6.33829.357
MinimumVisualStudioVersion = 10.0.40219.1
Project("{9A19103F-16F7-4668-BE54-9A1E7A4F7556}") = "InputValidation", "InputValidation\InputValidation.csproj", "{5F3EEE8C-F415-40D2-8415-6F1039EE9D4A}"
EndProject
Project("{FAE04EC0-301F-11D3-BF4B-00C04F79EFBC}") = "InputValidation2", "InputValidation2\InputValidation2.csproj", "{67E0DEC1-84E7-4C2E-BFF6-14AFAFEA6C96}"
EndProject
Project("{FAE04EC0-301F-11D3-BF4B-00C04F79EFBC}") = "3D_1", "3D_1\3D_1.csproj", "{EC89502D-31EC-4847-83B8-2B878C12B614}"
EndProject
Project("{FAE04EC0-301F-11D3-BF4B-00C04F79EFBC}") = "3D_2", "3D_2\3D_2.csproj", "{96235B76-2A49-4540-B1E6-6783DA1748C7}"
EndProject
Project("{FAE04EC0-301F-11D3-BF4B-00C04F79EFBC}") = "3D_3", "3D_3\3D_3.csproj", "{20B5AFF6-4EEA-4088-88A3-84B731FF2493}"
EndProject
Project("{FAE04EC0-301F-11D3-BF4B-00C04F79EFBC}") = "3D_4", "3D_4\3D_4.csproj", "{4DE7C978-5225-4D76-B7CC-206BB6E7A087}"
EndProject
Project("{FAE04EC0-301F-11D3-BF4B-00C04F79EFBC}") = "3D_5", "3D_5\3D_5.csproj", "{53278A6C-3FED-4060-8E1F-CDF24A16FF29}"
EndProject
Project("{FAE04EC0-301F-11D3-BF4B-00C04F79EFBC}") = "3D_6", "3D_6\3D_6.csproj", "{31CFD408-FAC3-442E-B8E0-A3ACD6135869}"
EndProject
Project("{FAE04EC0-301F-11D3-BF4B-00C04F79EFBC}") = "KeyboardInput", "KeyboardInput\KeyboardInput.csproj", "{AB34CE0C-AEA3-4EDE-BF2E-657E2D9DEFB8}"
EndProject
Global
	GlobalSection(SolutionConfigurationPlatforms) = preSolution
		Debug|Any CPU = Debug|Any CPU
		Release|Any CPU = Release|Any CPU
	EndGlobalSection
	GlobalSection(ProjectConfigurationPlatforms) = postSolution
		{5F3EEE8C-F415-40D2-8415-6F1039EE9D4A}.Debug|Any CPU.ActiveCfg = Debug|Any CPU
		{5F3EEE8C-F415-40D2-8415-6F1039EE9D4A}.Debug|Any CPU.Build.0 = Debug|Any CPU
		{5F3EEE8C-F415-40D2-8415-6F1039EE9D4A}.Release|Any CPU.ActiveCfg = Release|Any CPU
		{5F3EEE8C-F415-40D2-8415-6F1039EE9D4A}.Release|Any CPU.Build.0 = Release|Any CPU
		{67E0DEC1-84E7-4C2E-BFF6-14AFAFEA6C96}.Debug|Any CPU.ActiveCfg = Debug|Any CPU
		{67E0DEC1-84E7-4C2E-BFF6-14AFAFEA6C96}.Debug|Any CPU.Build.0 = Debug|Any CPU
		{67E0DEC1-84E7-4C2E-BFF6-14AFAFEA6C96}.Release|Any CPU.ActiveCfg = Release|Any CPU
		{67E0DEC1-84E7-4C2E-BFF6-14AFAFEA6C96}.Release|Any CPU.Build.0 = Release|Any CPU
		{EC89502D-31EC-4847-83B8-2B878C12B614}.Debug|Any CPU.ActiveCfg = Debug|Any CPU
		{EC89502D-31EC-4847-83B8-2B878C12B614}.Debug|Any CPU.Build.0 = Debug|Any CPU
		{EC89502D-31EC-4847-83B8-2B878C12B614}.Release|Any CPU.ActiveCfg = Release|Any CPU
		{EC89502D-31EC-4847-83B8-2B878C12B614}.Release|Any CPU.Build.0 = Release|Any CPU
		{96235B76-2A49-4540-B1E6-6783DA1748C7}.Debug|Any CPU.ActiveCfg = Debug|Any CPU
		{96235B76-2A49-4540-B1E6-6783DA1748C7}.Debug|Any CPU.Build.0 = Debug|Any CPU
		{96235B76-2A49-4540-B1E6-6783DA1748C7}.Release|Any CPU.ActiveCfg = Release|Any CPU
		{96235B76-2A49-4540-B1E6-6783DA1748C7}.Release|Any CPU.Build.0 = Release|Any CPU
		{20B5AFF6-4EEA-4088-88A3-84B731FF2493}.Debug|Any CPU.ActiveCfg = Debug|Any CPU
		{20B5AFF6-4EEA-4088-88A3-84B731FF2493}.Debug|Any CPU.Build.0 = Debug|Any CPU
		{20B5AFF6-4EEA-4088-88A3-84B731FF2493}.Release|Any CPU.ActiveCfg = Release|Any CPU
		{20B5AFF6-4EEA-4088-88A3-84B731FF2493}.Release|Any CPU.Build.0 = Release|Any CPU
		{4DE7C978-5225-4D76-B7CC-206BB6E7A087}.Debug|Any CPU.ActiveCfg = Debug|Any CPU
		{4DE7C978-5225-4D76-B7CC-206BB6E7A087}.Debug|Any CPU.Build.0 = Debug|Any CPU
		{4DE7C978-5225-4D76-B7CC-206BB6E7A087}.Release|Any CPU.ActiveCfg = Release|Any CPU
		{4DE7C978-5225-4D76-B7CC-206BB6E7A087}.Release|Any CPU.Build.0 = Release|Any CPU
		{53278A6C-3FED-4060-8E1F-CDF24A16FF29}.Debug|Any CPU.ActiveCfg = Debug|Any CPU
		{53278A6C-3FED-4060-8E1F-CDF24A16FF29}.Debug|Any CPU.Build.0 = Debug|Any CPU
		{53278A6C-3FED-4060-8E1F-CDF24A16FF29}.Release|Any CPU.ActiveCfg = Release|Any CPU
		{53278A6C-3FED-4060-8E1F-CDF24A16FF29}.Release|Any CPU.Build.0 = Release|Any CPU
		{31CFD408-FAC3-442E-B8E0-A3ACD6135869}.Debug|Any CPU.ActiveCfg = Debug|Any CPU
		{31CFD408-FAC3-442E-B8E0-A3ACD6135869}.Debug|Any CPU.Build.0 = Debug|Any CPU
		{31CFD408-FAC3-442E-B8E0-A3ACD6135869}.Release|Any CPU.ActiveCfg = Release|Any CPU
		{31CFD408-FAC3-442E-B8E0-A3ACD6135869}.Release|Any CPU.Build.0 = Release|Any CPU
		{AB34CE0C-AEA3-4EDE-BF2E-657E2D9DEFB8}.Debug|Any CPU.ActiveCfg = Debug|Any CPU
		{AB34CE0C-AEA3-4EDE-BF2E-657E2D9DEFB8}.Debug|Any CPU.Build.0 = Debug|Any CPU
		{AB34CE0C-AEA3-4EDE-BF2E-657E2D9DEFB8}.Release|Any CPU.ActiveCfg = Release|Any CPU
		{AB34CE0C-AEA3-4EDE-BF2E-657E2D9DEFB8}.Release|Any CPU.Build.0 = Release|Any CPU
	EndGlobalSection
	GlobalSection(SolutionProperties) = preSolution
		HideSolutionNode = FALSE
	EndGlobalSection
	GlobalSection(ExtensibilityGlobals) = postSolution
		SolutionGuid = {EF3109C2-45C4-4EF4-ACE6-ECE94DC80B38}
	EndGlobalSection
EndGlobal
