
Microsoft Visual Studio Solution File, Format Version 12.00
# Visual Studio Version 17
VisualStudioVersion = 17.6.33829.357
MinimumVisualStudioVersion = 10.0.40219.1
Project("{FAE04EC0-301F-11D3-BF4B-00C04F79EFBC}") = "InputValidation", "InputValidation\InputValidation.csproj", "{5F3EEE8C-F415-40D2-8415-6F1039EE9D4A}"
EndProject
Global
	GlobalSection(SolutionConfigurationPlatforms) = preSolution
		Debug|Any CPU = Debug|Any CPU
		Release|Any CPU = Release|Any CPU
	EndGlobalSection
	GlobalSection(ProjectConfigurationPlatforms) = postSolution
		{5F3EEE8C-F415-40D2-8415-6F1039EE9D4A}.Debug|Any CPU.ActiveCfg = Debug|Any CPU
		{5F3EEE8C-F415-40D2-8415-6F1039EE9D4A}.Debug|Any CPU.Build.0 = Debug|Any CPU
		{5F3EEE8C-F415-40D2-8415-6F1039EE9D4A}.Release|Any CPU.ActiveCfg = Release|Any CPU
		{5F3EEE8C-F415-40D2-8415-6F1039EE9D4A}.Release|Any CPU.Build.0 = Release|Any CPU
	EndGlobalSection
	GlobalSection(SolutionProperties) = preSolution
		HideSolutionNode = FALSE
	EndGlobalSection
	GlobalSection(ExtensibilityGlobals) = postSolution
		SolutionGuid = {EF3109C2-45C4-4EF4-ACE6-ECE94DC80B38}
	EndGlobalSection
EndGlobal
